
Microsoft Visual Studio Solution File, Format Version 12.00
# Visual Studio Version 17
VisualStudioVersion = 17.0.31903.59
MinimumVisualStudioVersion = 10.0.40219.1
Project("{2150E333-8FDC-42A3-9474-1A3956D46DE8}") = "src", "src", "{827E0CD3-B72D-47B6-A68D-7590B98EB39B}"
EndProject
Project("{FAE04EC0-301F-11D3-BF4B-00C04F79EFBC}") = "RpFlo.Domain", "src\RpFlo.Domain\RpFlo.Domain.csproj", "{88F144B7-6F39-4DCC-925A-B6C307E3467D}"
EndProject
Project("{FAE04EC0-301F-11D3-BF4B-00C04F79EFBC}") = "RpFlo.Application", "src\RpFlo.Application\RpFlo.Application.csproj", "{316FF953-6F7B-48C1-A551-1FD8E639A766}"
EndProject
Project("{FAE04EC0-301F-11D3-BF4B-00C04F79EFBC}") = "RpFlo.Infrastructure", "src\RpFlo.Infrastructure\RpFlo.Infrastructure.csproj", "{C56421EC-F123-42C2-8B95-D5D377C2D9E9}"
EndProject
Project("{FAE04EC0-301F-11D3-BF4B-00C04F79EFBC}") = "RpFlo.Api", "src\RpFlo.Api\RpFlo.Api.csproj", "{E1AC5432-05D0-4601-88F1-272AC84B8492}"
EndProject
Project("{2150E333-8FDC-42A3-9474-1A3956D46DE8}") = "tests", "tests", "{0AB3BF05-4346-4AA6-1389-037BE0695223}"
EndProject
Project("{FAE04EC0-301F-11D3-BF4B-00C04F79EFBC}") = "RpFlo.Domain.Tests", "tests\RpFlo.Domain.Tests\RpFlo.Domain.Tests.csproj", "{9BCACC86-3235-4DCA-AEE4-1E728C1BE031}"
EndProject
Project("{FAE04EC0-301F-11D3-BF4B-00C04F79EFBC}") = "RpFlo.Application.Tests", "tests\RpFlo.Application.Tests\RpFlo.Application.Tests.csproj", "{AB92CFC7-FA75-4EED-B016-380DE92F247A}"
EndProject
Project("{FAE04EC0-301F-11D3-BF4B-00C04F79EFBC}") = "RpFlo.Integration.Tests", "tests\RpFlo.Integration.Tests\RpFlo.Integration.Tests.csproj", "{42E08CD7-FAEA-46BC-ACC8-20F87F0E666E}"
EndProject
Global
	GlobalSection(SolutionConfigurationPlatforms) = preSolution
		Debug|Any CPU = Debug|Any CPU
		Debug|x64 = Debug|x64
		Debug|x86 = Debug|x86
		Release|Any CPU = Release|Any CPU
		Release|x64 = Release|x64
		Release|x86 = Release|x86
	EndGlobalSection
	GlobalSection(ProjectConfigurationPlatforms) = postSolution
		{88F144B7-6F39-4DCC-925A-B6C307E3467D}.Debug|Any CPU.ActiveCfg = Debug|Any CPU
		{88F144B7-6F39-4DCC-925A-B6C307E3467D}.Debug|Any CPU.Build.0 = Debug|Any CPU
		{88F144B7-6F39-4DCC-925A-B6C307E3467D}.Debug|x64.ActiveCfg = Debug|Any CPU
		{88F144B7-6F39-4DCC-925A-B6C307E3467D}.Debug|x64.Build.0 = Debug|Any CPU
		{88F144B7-6F39-4DCC-925A-B6C307E3467D}.Debug|x86.ActiveCfg = Debug|Any CPU
		{88F144B7-6F39-4DCC-925A-B6C307E3467D}.Debug|x86.Build.0 = Debug|Any CPU
		{88F144B7-6F39-4DCC-925A-B6C307E3467D}.Release|Any CPU.ActiveCfg = Release|Any CPU
		{88F144B7-6F39-4DCC-925A-B6C307E3467D}.Release|Any CPU.Build.0 = Release|Any CPU
		{88F144B7-6F39-4DCC-925A-B6C307E3467D}.Release|x64.ActiveCfg = Release|Any CPU
		{88F144B7-6F39-4DCC-925A-B6C307E3467D}.Release|x64.Build.0 = Release|Any CPU
		{88F144B7-6F39-4DCC-925A-B6C307E3467D}.Release|x86.ActiveCfg = Release|Any CPU
		{88F144B7-6F39-4DCC-925A-B6C307E3467D}.Release|x86.Build.0 = Release|Any CPU
		{316FF953-6F7B-48C1-A551-1FD8E639A766}.Debug|Any CPU.ActiveCfg = Debug|Any CPU
		{316FF953-6F7B-48C1-A551-1FD8E639A766}.Debug|Any CPU.Build.0 = Debug|Any CPU
		{316FF953-6F7B-48C1-A551-1FD8E639A766}.Debug|x64.ActiveCfg = Debug|Any CPU
		{316FF953-6F7B-48C1-A551-1FD8E639A766}.Debug|x64.Build.0 = Debug|Any CPU
		{316FF953-6F7B-48C1-A551-1FD8E639A766}.Debug|x86.ActiveCfg = Debug|Any CPU
		{316FF953-6F7B-48C1-A551-1FD8E639A766}.Debug|x86.Build.0 = Debug|Any CPU
		{316FF953-6F7B-48C1-A551-1FD8E639A766}.Release|Any CPU.ActiveCfg = Release|Any CPU
		{316FF953-6F7B-48C1-A551-1FD8E639A766}.Release|Any CPU.Build.0 = Release|Any CPU
		{316FF953-6F7B-48C1-A551-1FD8E639A766}.Release|x64.ActiveCfg = Release|Any CPU
		{316FF953-6F7B-48C1-A551-1FD8E639A766}.Release|x64.Build.0 = Release|Any CPU
		{316FF953-6F7B-48C1-A551-1FD8E639A766}.Release|x86.ActiveCfg = Release|Any CPU
		{316FF953-6F7B-48C1-A551-1FD8E639A766}.Release|x86.Build.0 = Release|Any CPU
		{C56421EC-F123-42C2-8B95-D5D377C2D9E9}.Debug|Any CPU.ActiveCfg = Debug|Any CPU
		{C56421EC-F123-42C2-8B95-D5D377C2D9E9}.Debug|Any CPU.Build.0 = Debug|Any CPU
		{C56421EC-F123-42C2-8B95-D5D377C2D9E9}.Debug|x64.ActiveCfg = Debug|Any CPU
		{C56421EC-F123-42C2-8B95-D5D377C2D9E9}.Debug|x64.Build.0 = Debug|Any CPU
		{C56421EC-F123-42C2-8B95-D5D377C2D9E9}.Debug|x86.ActiveCfg = Debug|Any CPU
		{C56421EC-F123-42C2-8B95-D5D377C2D9E9}.Debug|x86.Build.0 = Debug|Any CPU
		{C56421EC-F123-42C2-8B95-D5D377C2D9E9}.Release|Any CPU.ActiveCfg = Release|Any CPU
		{C56421EC-F123-42C2-8B95-D5D377C2D9E9}.Release|Any CPU.Build.0 = Release|Any CPU
		{C56421EC-F123-42C2-8B95-D5D377C2D9E9}.Release|x64.ActiveCfg = Release|Any CPU
		{C56421EC-F123-42C2-8B95-D5D377C2D9E9}.Release|x64.Build.0 = Release|Any CPU
		{C56421EC-F123-42C2-8B95-D5D377C2D9E9}.Release|x86.ActiveCfg = Release|Any CPU
		{C56421EC-F123-42C2-8B95-D5D377C2D9E9}.Release|x86.Build.0 = Release|Any CPU
		{E1AC5432-05D0-4601-88F1-272AC84B8492}.Debug|Any CPU.ActiveCfg = Debug|Any CPU
		{E1AC5432-05D0-4601-88F1-272AC84B8492}.Debug|Any CPU.Build.0 = Debug|Any CPU
		{E1AC5432-05D0-4601-88F1-272AC84B8492}.Debug|x64.ActiveCfg = Debug|Any CPU
		{E1AC5432-05D0-4601-88F1-272AC84B8492}.Debug|x64.Build.0 = Debug|Any CPU
		{E1AC5432-05D0-4601-88F1-272AC84B8492}.Debug|x86.ActiveCfg = Debug|Any CPU
		{E1AC5432-05D0-4601-88F1-272AC84B8492}.Debug|x86.Build.0 = Debug|Any CPU
		{E1AC5432-05D0-4601-88F1-272AC84B8492}.Release|Any CPU.ActiveCfg = Release|Any CPU
		{E1AC5432-05D0-4601-88F1-272AC84B8492}.Release|Any CPU.Build.0 = Release|Any CPU
		{E1AC5432-05D0-4601-88F1-272AC84B8492}.Release|x64.ActiveCfg = Release|Any CPU
		{E1AC5432-05D0-4601-88F1-272AC84B8492}.Release|x64.Build.0 = Release|Any CPU
		{E1AC5432-05D0-4601-88F1-272AC84B8492}.Release|x86.ActiveCfg = Release|Any CPU
		{E1AC5432-05D0-4601-88F1-272AC84B8492}.Release|x86.Build.0 = Release|Any CPU
		{9BCACC86-3235-4DCA-AEE4-1E728C1BE031}.Debug|Any CPU.ActiveCfg = Debug|Any CPU
		{9BCACC86-3235-4DCA-AEE4-1E728C1BE031}.Debug|Any CPU.Build.0 = Debug|Any CPU
		{9BCACC86-3235-4DCA-AEE4-1E728C1BE031}.Debug|x64.ActiveCfg = Debug|Any CPU
		{9BCACC86-3235-4DCA-AEE4-1E728C1BE031}.Debug|x64.Build.0 = Debug|Any CPU
		{9BCACC86-3235-4DCA-AEE4-1E728C1BE031}.Debug|x86.ActiveCfg = Debug|Any CPU
		{9BCACC86-3235-4DCA-AEE4-1E728C1BE031}.Debug|x86.Build.0 = Debug|Any CPU
		{9BCACC86-3235-4DCA-AEE4-1E728C1BE031}.Release|Any CPU.ActiveCfg = Release|Any CPU
		{9BCACC86-3235-4DCA-AEE4-1E728C1BE031}.Release|Any CPU.Build.0 = Release|Any CPU
		{9BCACC86-3235-4DCA-AEE4-1E728C1BE031}.Release|x64.ActiveCfg = Release|Any CPU
		{9BCACC86-3235-4DCA-AEE4-1E728C1BE031}.Release|x64.Build.0 = Release|Any CPU
		{9BCACC86-3235-4DCA-AEE4-1E728C1BE031}.Release|x86.ActiveCfg = Release|Any CPU
		{9BCACC86-3235-4DCA-AEE4-1E728C1BE031}.Release|x86.Build.0 = Release|Any CPU
		{AB92CFC7-FA75-4EED-B016-380DE92F247A}.Debug|Any CPU.ActiveCfg = Debug|Any CPU
		{AB92CFC7-FA75-4EED-B016-380DE92F247A}.Debug|Any CPU.Build.0 = Debug|Any CPU
		{AB92CFC7-FA75-4EED-B016-380DE92F247A}.Debug|x64.ActiveCfg = Debug|Any CPU
		{AB92CFC7-FA75-4EED-B016-380DE92F247A}.Debug|x64.Build.0 = Debug|Any CPU
		{AB92CFC7-FA75-4EED-B016-380DE92F247A}.Debug|x86.ActiveCfg = Debug|Any CPU
		{AB92CFC7-FA75-4EED-B016-380DE92F247A}.Debug|x86.Build.0 = Debug|Any CPU
		{AB92CFC7-FA75-4EED-B016-380DE92F247A}.Release|Any CPU.ActiveCfg = Release|Any CPU
		{AB92CFC7-FA75-4EED-B016-380DE92F247A}.Release|Any CPU.Build.0 = Release|Any CPU
		{AB92CFC7-FA75-4EED-B016-380DE92F247A}.Release|x64.ActiveCfg = Release|Any CPU
		{AB92CFC7-FA75-4EED-B016-380DE92F247A}.Release|x64.Build.0 = Release|Any CPU
		{AB92CFC7-FA75-4EED-B016-380DE92F247A}.Release|x86.ActiveCfg = Release|Any CPU
		{AB92CFC7-FA75-4EED-B016-380DE92F247A}.Release|x86.Build.0 = Release|Any CPU
		{42E08CD7-FAEA-46BC-ACC8-20F87F0E666E}.Debug|Any CPU.ActiveCfg = Debug|Any CPU
		{42E08CD7-FAEA-46BC-ACC8-20F87F0E666E}.Debug|Any CPU.Build.0 = Debug|Any CPU
		{42E08CD7-FAEA-46BC-ACC8-20F87F0E666E}.Debug|x64.ActiveCfg = Debug|Any CPU
		{42E08CD7-FAEA-46BC-ACC8-20F87F0E666E}.Debug|x64.Build.0 = Debug|Any CPU
		{42E08CD7-FAEA-46BC-ACC8-20F87F0E666E}.Debug|x86.ActiveCfg = Debug|Any CPU
		{42E08CD7-FAEA-46BC-ACC8-20F87F0E666E}.Debug|x86.Build.0 = Debug|Any CPU
		{42E08CD7-FAEA-46BC-ACC8-20F87F0E666E}.Release|Any CPU.ActiveCfg = Release|Any CPU
		{42E08CD7-FAEA-46BC-ACC8-20F87F0E666E}.Release|Any CPU.Build.0 = Release|Any CPU
		{42E08CD7-FAEA-46BC-ACC8-20F87F0E666E}.Release|x64.ActiveCfg = Release|Any CPU
		{42E08CD7-FAEA-46BC-ACC8-20F87F0E666E}.Release|x64.Build.0 = Release|Any CPU
		{42E08CD7-FAEA-46BC-ACC8-20F87F0E666E}.Release|x86.ActiveCfg = Release|Any CPU
		{42E08CD7-FAEA-46BC-ACC8-20F87F0E666E}.Release|x86.Build.0 = Release|Any CPU
	EndGlobalSection
	GlobalSection(SolutionProperties) = preSolution
		HideSolutionNode = FALSE
	EndGlobalSection
	GlobalSection(NestedProjects) = preSolution
		{88F144B7-6F39-4DCC-925A-B6C307E3467D} = {827E0CD3-B72D-47B6-A68D-7590B98EB39B}
		{316FF953-6F7B-48C1-A551-1FD8E639A766} = {827E0CD3-B72D-47B6-A68D-7590B98EB39B}
		{C56421EC-F123-42C2-8B95-D5D377C2D9E9} = {827E0CD3-B72D-47B6-A68D-7590B98EB39B}
		{E1AC5432-05D0-4601-88F1-272AC84B8492} = {827E0CD3-B72D-47B6-A68D-7590B98EB39B}
		{9BCACC86-3235-4DCA-AEE4-1E728C1BE031} = {0AB3BF05-4346-4AA6-1389-037BE0695223}
		{AB92CFC7-FA75-4EED-B016-380DE92F247A} = {0AB3BF05-4346-4AA6-1389-037BE0695223}
		{42E08CD7-FAEA-46BC-ACC8-20F87F0E666E} = {0AB3BF05-4346-4AA6-1389-037BE0695223}
	EndGlobalSection
EndGlobal
